
Microsoft Visual Studio Solution File, Format Version 12.00
# Visual Studio Version 16
VisualStudioVersion = 16.0.30615.102
MinimumVisualStudioVersion = 10.0.40219.1
Project("{9A19103F-16F7-4668-BE54-9A1E7A4F7556}") = "HomeCenter.SourceGenerators", "HomeCenter.SourceGenerators\HomeCenter.SourceGenerators.csproj", "{926CF3D6-6D53-40B0-8383-779924DEDD21}"
EndProject
Project("{9A19103F-16F7-4668-BE54-9A1E7A4F7556}") = "HomeCenter.Example", "HomeCenter.Example\HomeCenter.Example.csproj", "{4747E4A9-88EC-4AF7-8138-699A068D0863}"
EndProject
Project("{FAE04EC0-301F-11D3-BF4B-00C04F79EFBC}") = "HomeCenter.SourceGenerators.Tests", "HomeCenter.SourceGenerators.Tests\HomeCenter.SourceGenerators.Tests.csproj", "{7BE6ED0F-BCB2-42C6-B746-10F597EC6409}"
EndProject
Project("{2150E333-8FDC-42A3-9474-1A3956D46DE8}") = "Solution Items", "Solution Items", "{E76C1A45-F940-4816-8FD1-3BAB578F6317}"
	ProjectSection(SolutionItems) = preProject
		.editorconfig = .editorconfig
	EndProjectSection
EndProject
Global
	GlobalSection(SolutionConfigurationPlatforms) = preSolution
		Debug|Any CPU = Debug|Any CPU
		Release|Any CPU = Release|Any CPU
	EndGlobalSection
	GlobalSection(ProjectConfigurationPlatforms) = postSolution
		{926CF3D6-6D53-40B0-8383-779924DEDD21}.Debug|Any CPU.ActiveCfg = Debug|Any CPU
		{926CF3D6-6D53-40B0-8383-779924DEDD21}.Debug|Any CPU.Build.0 = Debug|Any CPU
		{926CF3D6-6D53-40B0-8383-779924DEDD21}.Release|Any CPU.ActiveCfg = Release|Any CPU
		{926CF3D6-6D53-40B0-8383-779924DEDD21}.Release|Any CPU.Build.0 = Release|Any CPU
		{4747E4A9-88EC-4AF7-8138-699A068D0863}.Debug|Any CPU.ActiveCfg = Debug|Any CPU
		{4747E4A9-88EC-4AF7-8138-699A068D0863}.Debug|Any CPU.Build.0 = Debug|Any CPU
		{4747E4A9-88EC-4AF7-8138-699A068D0863}.Release|Any CPU.ActiveCfg = Release|Any CPU
		{4747E4A9-88EC-4AF7-8138-699A068D0863}.Release|Any CPU.Build.0 = Release|Any CPU
		{7BE6ED0F-BCB2-42C6-B746-10F597EC6409}.Debug|Any CPU.ActiveCfg = Debug|Any CPU
		{7BE6ED0F-BCB2-42C6-B746-10F597EC6409}.Debug|Any CPU.Build.0 = Debug|Any CPU
		{7BE6ED0F-BCB2-42C6-B746-10F597EC6409}.Release|Any CPU.ActiveCfg = Release|Any CPU
		{7BE6ED0F-BCB2-42C6-B746-10F597EC6409}.Release|Any CPU.Build.0 = Release|Any CPU
	EndGlobalSection
	GlobalSection(SolutionProperties) = preSolution
		HideSolutionNode = FALSE
	EndGlobalSection
	GlobalSection(ExtensibilityGlobals) = postSolution
		SolutionGuid = {5C5DB5BC-BD1E-4A25-B743-F3DC2EFB24DF}
	EndGlobalSection
EndGlobal
